Microsoft Visual Studio Solution File, Format Version 12.00
# Visual Studio Version 17
VisualStudioVersion = 17.5.2.0
MinimumVisualStudioVersion = 10.0.40219.1
Project("{2150E333-8FDC-42A3-9474-1A3956D46DE8}") = "AutoPartsStore", "AutoPartsStore", "{87B0F13D-52CA-A7CA-DC5C-7FFB2AAB849F}"
EndProject
Project("{2150E333-8FDC-42A3-9474-1A3956D46DE8}") = "Backend", "Backend", "{9EB33688-52B2-2F85-EAFD-ED8FF07418D2}"
EndProject
Project("{FAE04EC0-301F-11D3-BF4B-00C04F79EFBC}") = "AutoPartsStore.API", "AutoPartsStore\Backend\AutoPartsStore.API\AutoPartsStore.API.csproj", "{F9BEABC9-3110-19E4-D918-BC5B3F79DC7A}"
EndProject
Global
	GlobalSection(SolutionConfigurationPlatforms) = preSolution
		Debug|Any CPU = Debug|Any CPU
		Release|Any CPU = Release|Any CPU
	EndGlobalSection
	GlobalSection(ProjectConfigurationPlatforms) = postSolution
		{F9BEABC9-3110-19E4-D918-BC5B3F79DC7A}.Debug|Any CPU.ActiveCfg = Debug|Any CPU
		{F9BEABC9-3110-19E4-D918-BC5B3F79DC7A}.Debug|Any CPU.Build.0 = Debug|Any CPU
		{F9BEABC9-3110-19E4-D918-BC5B3F79DC7A}.Release|Any CPU.ActiveCfg = Release|Any CPU
		{F9BEABC9-3110-19E4-D918-BC5B3F79DC7A}.Release|Any CPU.Build.0 = Release|Any CPU
	EndGlobalSection
	GlobalSection(SolutionProperties) = preSolution
		HideSolutionNode = FALSE
	EndGlobalSection
	GlobalSection(NestedProjects) = preSolution
		{9EB33688-52B2-2F85-EAFD-ED8FF07418D2} = {87B0F13D-52CA-A7CA-DC5C-7FFB2AAB849F}
		{F9BEABC9-3110-19E4-D918-BC5B3F79DC7A} = {9EB33688-52B2-2F85-EAFD-ED8FF07418D2}
	EndGlobalSection
	GlobalSection(ExtensibilityGlobals) = postSolution
		SolutionGuid = {B678E06D-18BA-4C18-8F36-E46795761154}
	EndGlobalSection
EndGlobal
